{
  "version": 4,
  "terraform_version": "1.1.8",
  "serial": 11,
  "lineage": "ecb9435f-2595-9304-fd04-3d8965ba3fec",
  "outputs": {},
  "resources": [
    {
      "mode": "managed",
      "type": "google_artifact_registry_repository",
      "name": "google_artifact_registry_repository",
      "provider": "provider[\"registry.terraform.io/hashicorp/google-beta\"]",
      "instances": [
        {
          "schema_version": 0,
          "attributes": {
            "create_time": "2022-04-19T14:39:05.990064Z",
            "description": "Rust examples",
            "format": "DOCKER",
            "id": "projects/rust-examples/locations/us-central1/repositories/examples",
            "kms_key_name": "",
            "labels": null,
            "location": "us-central1",
            "maven_config": [],
            "name": "examples",
            "project": "rust-examples",
            "repository_id": "examples",
            "timeouts": null,
            "update_time": "2022-04-19T14:39:05.990064Z"
          },
          "sensitive_attributes": [],
          "private": "eyJlMmJmYjczMC1lY2FhLTExZTYtOGY4OC0zNDM2M2JjN2M0YzAiOnsiY3JlYXRlIjoxMjAwMDAwMDAwMDAwLCJkZWxldGUiOjEyMDAwMDAwMDAwMDAsInVwZGF0ZSI6MTIwMDAwMDAwMDAwMH19"
        }
      ]
    },
    {
      "mode": "managed",
      "type": "google_artifact_registry_repository_iam_binding",
      "name": "binding",
      "provider": "provider[\"registry.terraform.io/hashicorp/google-beta\"]",
      "instances": [
        {
          "schema_version": 0,
          "attributes": {
            "condition": [],
            "etag": "BwXdAtddRXc=",
            "id": "projects/rust-examples/locations/us-central1/repositories/examples/roles/owner",
            "location": "us-central1",
            "members": [
              "user:shay.luke17@gmail.com"
            ],
            "project": "rust-examples",
            "repository": "projects/rust-examples/locations/us-central1/repositories/examples",
            "role": "roles/owner"
          },
          "sensitive_attributes": [],
          "private": "bnVsbA==",
          "dependencies": [
            "google_artifact_registry_repository.google_artifact_registry_repository"
          ]
        }
      ]
    }
  ]
}
