{
  "version": 4,
  "terraform_version": "1.1.8",
  "serial": 61,
  "lineage": "4cc6d1ec-3020-cb93-43aa-8a6e2c47ffdd",
  "outputs": {},
  "resources": [
    {
      "mode": "data",
      "type": "google_iam_policy",
      "name": "noauth",
      "provider": "provider[\"registry.terraform.io/hashicorp/google\"]",
      "instances": [
        {
          "schema_version": 0,
          "attributes": {
            "audit_config": null,
            "binding": [
              {
                "condition": [],
                "members": [
                  "allUsers"
                ],
                "role": "roles/run.invoker"
              }
            ],
            "id": "3450855414",
            "policy_data": "{\"bindings\":[{\"members\":[\"allUsers\"],\"role\":\"roles/run.invoker\"}]}"
          },
          "sensitive_attributes": []
        }
      ]
    },
    {
      "mode": "managed",
      "type": "google_cloud_run_service",
      "name": "google_cloud_run_service",
      "provider": "provider[\"registry.terraform.io/hashicorp/google\"]",
      "instances": [
        {
          "schema_version": 1,
          "attributes": {
            "autogenerate_revision_name": false,
            "id": "locations/us-central1/namespaces/rust-examples/services/rust-pub-sub",
            "location": "us-central1",
            "metadata": [
              {
                "annotations": {
                  "run.googleapis.com/ingress": "all",
                  "run.googleapis.com/ingress-status": "all",
                  "serving.knative.dev/creator": "lukeshaywork@gmail.com",
                  "serving.knative.dev/lastModifier": "lukeshaywork@gmail.com"
                },
                "generation": 4,
                "labels": {
                  "cloud.googleapis.com/location": "us-central1"
                },
                "namespace": "rust-examples",
                "resource_version": "AAXdBdMGyuI",
                "self_link": "/apis/serving.knative.dev/v1/namespaces/125559963111/services/rust-pub-sub",
                "uid": "e85eaa1f-4102-4a24-b3ba-d0f7834350c8"
              }
            ],
            "name": "rust-pub-sub",
            "project": "rust-examples",
            "status": [
              {
                "conditions": [
                  {
                    "message": "",
                    "reason": "",
                    "status": "True",
                    "type": "Ready"
                  },
                  {
                    "message": "",
                    "reason": "",
                    "status": "True",
                    "type": "ConfigurationsReady"
                  },
                  {
                    "message": "",
                    "reason": "",
                    "status": "True",
                    "type": "RoutesReady"
                  }
                ],
                "latest_created_revision_name": "rust-pub-sub-57a00bb",
                "latest_ready_revision_name": "rust-pub-sub-57a00bb",
                "observed_generation": 4,
                "url": "https://rust-pub-sub-xoraown3ba-uc.a.run.app"
              }
            ],
            "template": [
              {
                "metadata": [
                  {
                    "annotations": {
                      "autoscaling.knative.dev/maxScale": "100",
                      "run.googleapis.com/client-name": "terraform"
                    },
                    "generation": 0,
                    "labels": {},
                    "name": "rust-pub-sub-57a00bb",
                    "namespace": "",
                    "resource_version": "",
                    "self_link": "",
                    "uid": ""
                  }
                ],
                "spec": [
                  {
                    "container_concurrency": 80,
                    "containers": [
                      {
                        "args": [],
                        "command": [],
                        "env": [],
                        "env_from": [],
                        "image": "us-central1-docker.pkg.dev/rust-examples/examples/pub-sub:57a00bb",
                        "ports": [
                          {
                            "container_port": 8080,
                            "name": "http1",
                            "protocol": ""
                          }
                        ],
                        "resources": [
                          {
                            "limits": {
                              "cpu": "1000m",
                              "memory": "512Mi"
                            },
                            "requests": {}
                          }
                        ],
                        "volume_mounts": [],
                        "working_dir": ""
                      }
                    ],
                    "service_account_name": "rust-pub-sub@rust-examples.iam.gserviceaccount.com",
                    "serving_state": "",
                    "timeout_seconds": 300,
                    "volumes": []
                  }
                ]
              }
            ],
            "timeouts": null,
            "traffic": [
              {
                "latest_revision": true,
                "percent": 100,
                "revision_name": ""
              }
            ]
          },
          "sensitive_attributes": [],
          "private": "eyJlMmJmYjczMC1lY2FhLTExZTYtOGY4OC0zNDM2M2JjN2M0YzAiOnsiY3JlYXRlIjoxMjAwMDAwMDAwMDAwLCJkZWxldGUiOjEyMDAwMDAwMDAwMDAsInVwZGF0ZSI6MTIwMDAwMDAwMDAwMH0sInNjaGVtYV92ZXJzaW9uIjoiMSJ9",
          "dependencies": [
            "google_service_account.google_service_account"
          ]
        }
      ]
    },
    {
      "mode": "managed",
      "type": "google_cloud_run_service_iam_policy",
      "name": "noauth",
      "provider": "provider[\"registry.terraform.io/hashicorp/google\"]",
      "instances": [
        {
          "schema_version": 0,
          "attributes": {
            "etag": "BwXdBgQswnA=",
            "id": "v1/projects/rust-examples/locations/us-central1/services/rust-pub-sub",
            "location": "us-central1",
            "policy_data": "{\"bindings\":[{\"members\":[\"allUsers\"],\"role\":\"roles/run.invoker\"}]}",
            "project": "rust-examples",
            "service": "v1/projects/rust-examples/locations/us-central1/services/rust-pub-sub"
          },
          "sensitive_attributes": [],
          "private": "bnVsbA==",
          "dependencies": [
            "data.google_iam_policy.noauth",
            "google_cloud_run_service.google_cloud_run_service",
            "google_service_account.google_service_account"
          ]
        }
      ]
    },
    {
      "mode": "managed",
      "type": "google_pubsub_subscription",
      "name": "google_pubsub_subscription",
      "provider": "provider[\"registry.terraform.io/hashicorp/google\"]",
      "instances": [
        {
          "schema_version": 0,
          "attributes": {
            "ack_deadline_seconds": 20,
            "dead_letter_policy": [],
            "enable_exactly_once_delivery": false,
            "enable_message_ordering": false,
            "expiration_policy": [
              {
                "ttl": "2678400s"
              }
            ],
            "filter": "",
            "id": "projects/rust-examples/subscriptions/rust-pub-sub",
            "labels": null,
            "message_retention_duration": "604800s",
            "name": "rust-pub-sub",
            "project": "rust-examples",
            "push_config": [
              {
                "attributes": null,
                "oidc_token": [],
                "push_endpoint": "https://rust-pub-sub-xoraown3ba-uc.a.run.app"
              }
            ],
            "retain_acked_messages": false,
            "retry_policy": [],
            "timeouts": null,
            "topic": "projects/rust-examples/topics/rust-pub-sub"
          },
          "sensitive_attributes": [],
          "private": "eyJlMmJmYjczMC1lY2FhLTExZTYtOGY4OC0zNDM2M2JjN2M0YzAiOnsiY3JlYXRlIjoxMjAwMDAwMDAwMDAwLCJkZWxldGUiOjEyMDAwMDAwMDAwMDAsInVwZGF0ZSI6MTIwMDAwMDAwMDAwMH19",
          "dependencies": [
            "google_cloud_run_service.google_cloud_run_service",
            "google_pubsub_topic.google_pubsub_topic",
            "google_service_account.google_service_account"
          ]
        }
      ]
    },
    {
      "mode": "managed",
      "type": "google_pubsub_topic",
      "name": "google_pubsub_topic",
      "provider": "provider[\"registry.terraform.io/hashicorp/google\"]",
      "instances": [
        {
          "schema_version": 0,
          "attributes": {
            "id": "projects/rust-examples/topics/rust-pub-sub",
            "kms_key_name": "",
            "labels": null,
            "message_retention_duration": "86600s",
            "message_storage_policy": [],
            "name": "rust-pub-sub",
            "project": "rust-examples",
            "schema_settings": [],
            "timeouts": null
          },
          "sensitive_attributes": [],
          "private": "eyJlMmJmYjczMC1lY2FhLTExZTYtOGY4OC0zNDM2M2JjN2M0YzAiOnsiY3JlYXRlIjoxMjAwMDAwMDAwMDAwLCJkZWxldGUiOjEyMDAwMDAwMDAwMDAsInVwZGF0ZSI6MTIwMDAwMDAwMDAwMH19"
        }
      ]
    },
    {
      "mode": "managed",
      "type": "google_service_account",
      "name": "google_service_account",
      "provider": "provider[\"registry.terraform.io/hashicorp/google\"]",
      "instances": [
        {
          "schema_version": 0,
          "attributes": {
            "account_id": "rust-pub-sub",
            "description": "",
            "disabled": false,
            "display_name": "",
            "email": "rust-pub-sub@rust-examples.iam.gserviceaccount.com",
            "id": "projects/rust-examples/serviceAccounts/rust-pub-sub@rust-examples.iam.gserviceaccount.com",
            "name": "projects/rust-examples/serviceAccounts/rust-pub-sub@rust-examples.iam.gserviceaccount.com",
            "project": "rust-examples",
            "timeouts": null,
            "unique_id": "107313931687862626892"
          },
          "sensitive_attributes": [],
          "private": "eyJlMmJmYjczMC1lY2FhLTExZTYtOGY4OC0zNDM2M2JjN2M0YzAiOnsiY3JlYXRlIjozMDAwMDAwMDAwMDB9fQ=="
        }
      ]
    }
  ]
}
