{
  "version": 4,
  "terraform_version": "1.1.8",
  "serial": 77,
  "lineage": "4cc6d1ec-3020-cb93-43aa-8a6e2c47ffdd",
  "outputs": {},
  "resources": [
    {
      "mode": "data",
      "type": "google_project",
      "name": "project",
      "provider": "provider[\"registry.terraform.io/hashicorp/google-beta\"]",
      "instances": [
        {
          "schema_version": 0,
          "attributes": {
            "auto_create_network": null,
            "billing_account": "0174BC-58C206-6F7CFC",
            "folder_id": null,
            "id": "projects/rust-examples",
            "labels": {},
            "name": "rust-examples",
            "number": "125559963111",
            "org_id": null,
            "project_id": "rust-examples",
            "skip_delete": null
          },
          "sensitive_attributes": []
        }
      ]
    },
    {
      "mode": "managed",
      "type": "google_cloud_run_service",
      "name": "google_cloud_run_service",
      "provider": "provider[\"registry.terraform.io/hashicorp/google-beta\"]",
      "instances": [
        {
          "schema_version": 1,
          "attributes": {
            "autogenerate_revision_name": false,
            "id": "locations/us-central1/namespaces/rust-examples/services/rust-pub-sub",
            "location": "us-central1",
            "metadata": [
              {
                "annotations": {
                  "run.googleapis.com/ingress": "all",
                  "run.googleapis.com/ingress-status": "all",
                  "serving.knative.dev/creator": "lukeshaywork@gmail.com",
                  "serving.knative.dev/lastModifier": "lukeshaywork@gmail.com"
                },
                "generation": 5,
                "labels": {
                  "cloud.googleapis.com/location": "us-central1"
                },
                "namespace": "rust-examples",
                "resource_version": "AAXdBlWJKA4",
                "self_link": "/apis/serving.knative.dev/v1/namespaces/125559963111/services/rust-pub-sub",
                "uid": "e85eaa1f-4102-4a24-b3ba-d0f7834350c8"
              }
            ],
            "name": "rust-pub-sub",
            "project": "rust-examples",
            "status": [
              {
                "conditions": [
                  {
                    "message": "",
                    "reason": "",
                    "status": "True",
                    "type": "Ready"
                  },
                  {
                    "message": "",
                    "reason": "",
                    "status": "True",
                    "type": "ConfigurationsReady"
                  },
                  {
                    "message": "",
                    "reason": "",
                    "status": "True",
                    "type": "RoutesReady"
                  }
                ],
                "latest_created_revision_name": "rust-pub-sub-fb07a78",
                "latest_ready_revision_name": "rust-pub-sub-fb07a78",
                "observed_generation": 5,
                "url": "https://rust-pub-sub-xoraown3ba-uc.a.run.app"
              }
            ],
            "template": [
              {
                "metadata": [
                  {
                    "annotations": {
                      "autoscaling.knative.dev/maxScale": "100",
                      "run.googleapis.com/client-name": "terraform"
                    },
                    "generation": 0,
                    "labels": {},
                    "name": "rust-pub-sub-fb07a78",
                    "namespace": "",
                    "resource_version": "",
                    "self_link": "",
                    "uid": ""
                  }
                ],
                "spec": [
                  {
                    "container_concurrency": 80,
                    "containers": [
                      {
                        "args": [],
                        "command": [],
                        "env": [],
                        "env_from": [],
                        "image": "us-central1-docker.pkg.dev/rust-examples/examples/pub-sub:fb07a78",
                        "ports": [
                          {
                            "container_port": 8080,
                            "name": "http1",
                            "protocol": ""
                          }
                        ],
                        "resources": [
                          {
                            "limits": {
                              "cpu": "1000m",
                              "memory": "512Mi"
                            },
                            "requests": {}
                          }
                        ],
                        "volume_mounts": [],
                        "working_dir": ""
                      }
                    ],
                    "service_account_name": "rust-pub-sub@rust-examples.iam.gserviceaccount.com",
                    "serving_state": "",
                    "timeout_seconds": 300,
                    "volumes": []
                  }
                ]
              }
            ],
            "timeouts": null,
            "traffic": [
              {
                "latest_revision": true,
                "percent": 100,
                "revision_name": ""
              }
            ]
          },
          "sensitive_attributes": [],
          "private": "eyJlMmJmYjczMC1lY2FhLTExZTYtOGY4OC0zNDM2M2JjN2M0YzAiOnsiY3JlYXRlIjoxMjAwMDAwMDAwMDAwLCJkZWxldGUiOjEyMDAwMDAwMDAwMDAsInVwZGF0ZSI6MTIwMDAwMDAwMDAwMH0sInNjaGVtYV92ZXJzaW9uIjoiMSJ9",
          "dependencies": [
            "google_project_service.run",
            "google_service_account.google_service_account"
          ]
        }
      ]
    },
    {
      "mode": "managed",
      "type": "google_cloud_run_service_iam_member",
      "name": "noauth",
      "provider": "provider[\"registry.terraform.io/hashicorp/google-beta\"]",
      "instances": [
        {
          "schema_version": 0,
          "attributes": {
            "condition": [],
            "etag": "BwXdBiNAzhk=",
            "id": "v1/projects/rust-examples/locations/us-central1/services/rust-pub-sub/roles/run.invoker/allUsers",
            "location": "us-central1",
            "member": "allUsers",
            "project": "rust-examples",
            "role": "roles/run.invoker",
            "service": "v1/projects/rust-examples/locations/us-central1/services/rust-pub-sub"
          },
          "sensitive_attributes": [],
          "private": "bnVsbA==",
          "dependencies": [
            "google_cloud_run_service.google_cloud_run_service",
            "google_project_service.run",
            "google_service_account.google_service_account"
          ]
        }
      ]
    },
    {
      "mode": "managed",
      "type": "google_eventarc_trigger",
      "name": "auditlog_google_eventarc_trigger",
      "provider": "provider[\"registry.terraform.io/hashicorp/google-beta\"]",
      "instances": [
        {
          "schema_version": 0,
          "attributes": {
            "create_time": "2022-04-19T18:35:15.081487291Z",
            "destination": [
              {
                "cloud_function": "",
                "cloud_run_service": [
                  {
                    "path": "",
                    "region": "us-central1",
                    "service": "rust-pub-sub"
                  }
                ],
                "gke": [],
                "workflow": ""
              }
            ],
            "etag": "",
            "id": "projects/projects/rust-examples/locations/us-central1/triggers/rust-pub-sub-auditlog",
            "labels": {},
            "location": "us-central1",
            "matching_criteria": [
              {
                "attribute": "methodName",
                "operator": "",
                "value": "storage.objects.create"
              },
              {
                "attribute": "serviceName",
                "operator": "",
                "value": "storage.googleapis.com"
              },
              {
                "attribute": "type",
                "operator": "",
                "value": "google.cloud.audit.log.v1.written"
              }
            ],
            "name": "rust-pub-sub-auditlog",
            "project": "projects/rust-examples",
            "service_account": "rust-pub-sub@rust-examples.iam.gserviceaccount.com",
            "timeouts": null,
            "transport": [
              {
                "pubsub": [
                  {
                    "subscription": "projects/rust-examples/subscriptions/eventarc-us-central1-rust-pub-sub-auditlog-sub-887",
                    "topic": "projects/rust-examples/topics/eventarc-us-central1-rust-pub-sub-auditlog-887"
                  }
                ]
              }
            ],
            "uid": "a0e80a54-d9ec-422f-aaec-eb30a5257d4a",
            "update_time": "2022-04-19T18:35:22.223619204Z"
          },
          "sensitive_attributes": [],
          "private": "eyJlMmJmYjczMC1lY2FhLTExZTYtOGY4OC0zNDM2M2JjN2M0YzAiOnsiY3JlYXRlIjoxMjAwMDAwMDAwMDAwLCJkZWxldGUiOjEyMDAwMDAwMDAwMDAsInVwZGF0ZSI6MTIwMDAwMDAwMDAwMH19",
          "dependencies": [
            "data.google_project.project",
            "google_cloud_run_service.google_cloud_run_service",
            "google_project_service.eventarc",
            "google_project_service.run",
            "google_service_account.google_service_account"
          ]
        }
      ]
    },
    {
      "mode": "managed",
      "type": "google_eventarc_trigger",
      "name": "google_eventarc_trigger",
      "provider": "provider[\"registry.terraform.io/hashicorp/google-beta\"]",
      "instances": [
        {
          "schema_version": 0,
          "attributes": {
            "create_time": "2022-04-19T18:49:22.893326223Z",
            "destination": [
              {
                "cloud_function": "",
                "cloud_run_service": [
                  {
                    "path": "",
                    "region": "us-central1",
                    "service": "rust-pub-sub"
                  }
                ],
                "gke": [],
                "workflow": ""
              }
            ],
            "etag": "",
            "id": "projects/rust-examples/locations/us-central1/triggers/rust-pub-sub",
            "labels": null,
            "location": "us-central1",
            "matching_criteria": [
              {
                "attribute": "type",
                "operator": "",
                "value": "google.cloud.pubsub.topic.v1.messagePublished"
              }
            ],
            "name": "rust-pub-sub",
            "project": "rust-examples",
            "service_account": "",
            "timeouts": null,
            "transport": [
              {
                "pubsub": [
                  {
                    "subscription": "projects/rust-examples/subscriptions/eventarc-us-central1-rust-pub-sub-sub-555",
                    "topic": "rust-pub-sub"
                  }
                ]
              }
            ],
            "uid": "eb5e6e8d-3193-4d8e-9ce8-816b99ca3d82",
            "update_time": "2022-04-19T18:49:26.573510921Z"
          },
          "sensitive_attributes": [],
          "private": "eyJlMmJmYjczMC1lY2FhLTExZTYtOGY4OC0zNDM2M2JjN2M0YzAiOnsiY3JlYXRlIjoxMjAwMDAwMDAwMDAwLCJkZWxldGUiOjEyMDAwMDAwMDAwMDAsInVwZGF0ZSI6MTIwMDAwMDAwMDAwMH19",
          "dependencies": [
            "google_cloud_run_service.google_cloud_run_service",
            "google_project_service.eventarc",
            "google_project_service.run",
            "google_pubsub_topic.google_pubsub_topic",
            "google_service_account.google_service_account"
          ]
        }
      ]
    },
    {
      "mode": "managed",
      "type": "google_project_iam_binding",
      "name": "project",
      "provider": "provider[\"registry.terraform.io/hashicorp/google-beta\"]",
      "instances": [
        {
          "schema_version": 0,
          "attributes": {
            "condition": [],
            "etag": "BwXdBiM9pjE=",
            "id": "projects/rust-examples/roles/eventarc.eventReceiver",
            "members": [
              "serviceAccount:rust-pub-sub@rust-examples.iam.gserviceaccount.com"
            ],
            "project": "projects/rust-examples",
            "role": "roles/eventarc.eventReceiver"
          },
          "sensitive_attributes": [],
          "private": "bnVsbA==",
          "dependencies": [
            "data.google_project.project",
            "google_service_account.google_service_account"
          ]
        }
      ]
    },
    {
      "mode": "managed",
      "type": "google_project_service",
      "name": "eventarc",
      "provider": "provider[\"registry.terraform.io/hashicorp/google-beta\"]",
      "instances": [
        {
          "schema_version": 0,
          "attributes": {
            "disable_dependent_services": null,
            "disable_on_destroy": false,
            "id": "rust-examples/eventarc.googleapis.com",
            "project": "rust-examples",
            "service": "eventarc.googleapis.com",
            "timeouts": null
          },
          "sensitive_attributes": [],
          "private": "eyJlMmJmYjczMC1lY2FhLTExZTYtOGY4OC0zNDM2M2JjN2M0YzAiOnsiY3JlYXRlIjoxMjAwMDAwMDAwMDAwLCJkZWxldGUiOjEyMDAwMDAwMDAwMDAsInJlYWQiOjYwMDAwMDAwMDAwMCwidXBkYXRlIjoxMjAwMDAwMDAwMDAwfX0="
        }
      ]
    },
    {
      "mode": "managed",
      "type": "google_project_service",
      "name": "run",
      "provider": "provider[\"registry.terraform.io/hashicorp/google-beta\"]",
      "instances": [
        {
          "schema_version": 0,
          "attributes": {
            "disable_dependent_services": null,
            "disable_on_destroy": false,
            "id": "rust-examples/run.googleapis.com",
            "project": "rust-examples",
            "service": "run.googleapis.com",
            "timeouts": null
          },
          "sensitive_attributes": [],
          "private": "eyJlMmJmYjczMC1lY2FhLTExZTYtOGY4OC0zNDM2M2JjN2M0YzAiOnsiY3JlYXRlIjoxMjAwMDAwMDAwMDAwLCJkZWxldGUiOjEyMDAwMDAwMDAwMDAsInJlYWQiOjYwMDAwMDAwMDAwMCwidXBkYXRlIjoxMjAwMDAwMDAwMDAwfX0="
        }
      ]
    },
    {
      "mode": "managed",
      "type": "google_pubsub_topic",
      "name": "google_pubsub_topic",
      "provider": "provider[\"registry.terraform.io/hashicorp/google\"]",
      "instances": [
        {
          "schema_version": 0,
          "attributes": {
            "id": "projects/rust-examples/topics/rust-pub-sub",
            "kms_key_name": "",
            "labels": null,
            "message_retention_duration": "86600s",
            "message_storage_policy": [],
            "name": "rust-pub-sub",
            "project": "rust-examples",
            "schema_settings": [],
            "timeouts": null
          },
          "sensitive_attributes": [],
          "private": "eyJlMmJmYjczMC1lY2FhLTExZTYtOGY4OC0zNDM2M2JjN2M0YzAiOnsiY3JlYXRlIjoxMjAwMDAwMDAwMDAwLCJkZWxldGUiOjEyMDAwMDAwMDAwMDAsInVwZGF0ZSI6MTIwMDAwMDAwMDAwMH19"
        }
      ]
    },
    {
      "mode": "managed",
      "type": "google_service_account",
      "name": "google_service_account",
      "provider": "provider[\"registry.terraform.io/hashicorp/google\"]",
      "instances": [
        {
          "schema_version": 0,
          "attributes": {
            "account_id": "rust-pub-sub",
            "description": "",
            "disabled": false,
            "display_name": "",
            "email": "rust-pub-sub@rust-examples.iam.gserviceaccount.com",
            "id": "projects/rust-examples/serviceAccounts/rust-pub-sub@rust-examples.iam.gserviceaccount.com",
            "name": "projects/rust-examples/serviceAccounts/rust-pub-sub@rust-examples.iam.gserviceaccount.com",
            "project": "rust-examples",
            "timeouts": null,
            "unique_id": "107313931687862626892"
          },
          "sensitive_attributes": [],
          "private": "eyJlMmJmYjczMC1lY2FhLTExZTYtOGY4OC0zNDM2M2JjN2M0YzAiOnsiY3JlYXRlIjozMDAwMDAwMDAwMDB9fQ=="
        }
      ]
    }
  ]
}
