{
  "version": 4,
  "terraform_version": "1.1.8",
  "serial": 35,
  "lineage": "4cc6d1ec-3020-cb93-43aa-8a6e2c47ffdd",
  "outputs": {},
  "resources": [
    {
      "mode": "managed",
      "type": "google_cloud_run_service",
      "name": "google_cloud_run_service",
      "provider": "provider[\"registry.terraform.io/hashicorp/google\"]",
      "instances": [
        {
          "status": "tainted",
          "schema_version": 1,
          "attributes": {
            "autogenerate_revision_name": true,
            "id": "locations/us-central1/namespaces/rust-examples/services/rust-pub-sub",
            "location": "us-central1",
            "metadata": null,
            "name": "rust-pub-sub",
            "project": null,
            "status": null,
            "template": [
              {
                "metadata": [
                  {
                    "annotations": {
                      "autoscaling.knative.dev/maxScale": "100",
                      "run.googleapis.com/client-name": "terraform",
                      "run.googleapis.com/ingress": "internal",
                      "run.googleapis.com/ingress-status": "internal"
                    },
                    "generation": 0,
                    "labels": null,
                    "name": "",
                    "namespace": "",
                    "resource_version": "",
                    "self_link": "",
                    "uid": ""
                  }
                ],
                "spec": [
                  {
                    "container_concurrency": 0,
                    "containers": [
                      {
                        "args": null,
                        "command": null,
                        "env": [],
                        "env_from": [],
                        "image": "us-central1-docker.pkg.dev/rust-examples/examples/pub-sub:1fa64d4",
                        "ports": [],
                        "resources": [],
                        "volume_mounts": [],
                        "working_dir": ""
                      }
                    ],
                    "service_account_name": "",
                    "serving_state": "",
                    "timeout_seconds": 0,
                    "volumes": []
                  }
                ]
              }
            ],
            "timeouts": null,
            "traffic": [
              {
                "latest_revision": true,
                "percent": 100,
                "revision_name": ""
              }
            ]
          },
          "sensitive_attributes": [],
          "private": "eyJlMmJmYjczMC1lY2FhLTExZTYtOGY4OC0zNDM2M2JjN2M0YzAiOnsiY3JlYXRlIjoxMjAwMDAwMDAwMDAwLCJkZWxldGUiOjEyMDAwMDAwMDAwMDAsInVwZGF0ZSI6MTIwMDAwMDAwMDAwMH0sInNjaGVtYV92ZXJzaW9uIjoiMSJ9"
        }
      ]
    }
  ]
}
